
Microsoft Visual Studio Solution File, Format Version 12.00
# Visual Studio 15
VisualStudioVersion = 15.0.27428.2005
MinimumVisualStudioVersion = 10.0.40219.1
Project("{FAE04EC0-301F-11D3-BF4B-00C04F79EFBC}") = "ASKQ", "ASKQ\ASKQ.csproj", "{801B01B4-6CBB-4647-82C0-CF5C2C503DDF}"
EndProject
Global
	GlobalSection(SolutionConfigurationPlatforms) = preSolution
		Debug|Any CPU = Debug|Any CPU
		Release|Any CPU = Release|Any CPU
	EndGlobalSection
	GlobalSection(ProjectConfigurationPlatforms) = postSolution
		{801B01B4-6CBB-4647-82C0-CF5C2C503DDF}.Debug|Any CPU.ActiveCfg = Debug|Any CPU
		{801B01B4-6CBB-4647-82C0-CF5C2C503DDF}.Debug|Any CPU.Build.0 = Debug|Any CPU
		{801B01B4-6CBB-4647-82C0-CF5C2C503DDF}.Release|Any CPU.ActiveCfg = Release|Any CPU
		{801B01B4-6CBB-4647-82C0-CF5C2C503DDF}.Release|Any CPU.Build.0 = Release|Any CPU
	EndGlobalSection
	GlobalSection(SolutionProperties) = preSolution
		HideSolutionNode = FALSE
	EndGlobalSection
	GlobalSection(ExtensibilityGlobals) = postSolution
		SolutionGuid = {F9B29129-FB15-4A1A-B595-AEADDFE931A3}
	EndGlobalSection
EndGlobal
